
Microsoft Visual Studio Solution File, Format Version 12.00
# Visual Studio 2012
Project("{FAE04EC0-301F-11D3-BF4B-00C04F79EFBC}") = "AcklenAvenue.Testing.BDD.NUnit", "AcklenAvenue.Testing.BDD.NUnit\AcklenAvenue.Testing.BDD.NUnit.csproj", "{E0FFD699-E7B5-44D9-A97B-0F52B3321E1E}"
EndProject
Project("{FAE04EC0-301F-11D3-BF4B-00C04F79EFBC}") = "AcklenAvenue.Testing.BDD.MSTest", "AcklenAvenue.Testing.BDD.MSTest\AcklenAvenue.Testing.BDD.MSTest.csproj", "{85FA03CC-D860-4E29-B35C-3A3D6E0C0E2E}"
EndProject
Project("{FAE04EC0-301F-11D3-BF4B-00C04F79EFBC}") = "AcklenAvenue.Testing", "AcklenAvenue.Testing\AcklenAvenue.Testing.csproj", "{7048DE7C-8C2B-45FE-AE48-5D00374C0BA2}"
EndProject
Project("{FAE04EC0-301F-11D3-BF4B-00C04F79EFBC}") = "AcklenAvenue.Testing.ExpectedObjects", "AcklenAvenue.Testing.ExpectedObjects\AcklenAvenue.Testing.ExpectedObjects.csproj", "{30F63611-7A90-442F-9CDE-F6A905496272}"
EndProject
Project("{FAE04EC0-301F-11D3-BF4B-00C04F79EFBC}") = "AcklenAvenue.Testing.Moq", "AcklenAvenue.Testing.Moq\AcklenAvenue.Testing.Moq.csproj", "{CD7347A5-80ED-4A45-BC86-9665CE3C6490}"
EndProject
Project("{FAE04EC0-301F-11D3-BF4B-00C04F79EFBC}") = "AcklenAvenue.Testing.Moq.ExpectedObjects", "AcklenAvenue.Testing.Moq.ExpectedObjects\AcklenAvenue.Testing.Moq.ExpectedObjects.csproj", "{A7FA7937-993F-475C-9A1C-BCAB63A40157}"
EndProject
Project("{FAE04EC0-301F-11D3-BF4B-00C04F79EFBC}") = "AcklenAvenue.Testing.Moq.Specs", "AcklenAvenue.Testing.Moq.Specs\AcklenAvenue.Testing.Moq.Specs.csproj", "{921A9FAA-1654-4A3A-9248-C4E07E9247A8}"
EndProject
Project("{FAE04EC0-301F-11D3-BF4B-00C04F79EFBC}") = "AcklenAvenue.Testing.Moq.ExpectedObjects.Specs", "AcklenAvenue.Testing.Moq.ExpectedObjects.Specs\AcklenAvenue.Testing.Moq.ExpectedObjects.Specs.csproj", "{74E7B1BA-7D1A-4B33-B881-AC00370DE177}"
EndProject
Project("{2150E333-8FDC-42A3-9474-1A3956D46DE8}") = ".nuget", ".nuget", "{788B9636-3617-4F9C-8901-0BD843A08A8D}"
	ProjectSection(SolutionItems) = preProject
		.nuget\packages.config = .nuget\packages.config
	EndProjectSection
EndProject
Project("{FAE04EC0-301F-11D3-BF4B-00C04F79EFBC}") = "AcklenAvenue.Testing.BDD.MSTest.Specs", "AcklenAvenue.Testing.BDD.MSTest.Specs\AcklenAvenue.Testing.BDD.MSTest.Specs.csproj", "{6B8076F6-38F4-4BB5-BDF4-63E0E31E49E7}"
EndProject
Global
	GlobalSection(SolutionConfigurationPlatforms) = preSolution
		Debug|Any CPU = Debug|Any CPU
		Debug|Mixed Platforms = Debug|Mixed Platforms
		Debug|x86 = Debug|x86
		Release|Any CPU = Release|Any CPU
		Release|Mixed Platforms = Release|Mixed Platforms
		Release|x86 = Release|x86
	EndGlobalSection
	GlobalSection(ProjectConfigurationPlatforms) = postSolution
		{E0FFD699-E7B5-44D9-A97B-0F52B3321E1E}.Debug|Any CPU.ActiveCfg = Debug|Any CPU
		{E0FFD699-E7B5-44D9-A97B-0F52B3321E1E}.Debug|Any CPU.Build.0 = Debug|Any CPU
		{E0FFD699-E7B5-44D9-A97B-0F52B3321E1E}.Debug|Mixed Platforms.ActiveCfg = Debug|Any CPU
		{E0FFD699-E7B5-44D9-A97B-0F52B3321E1E}.Debug|Mixed Platforms.Build.0 = Debug|Any CPU
		{E0FFD699-E7B5-44D9-A97B-0F52B3321E1E}.Debug|x86.ActiveCfg = Debug|Any CPU
		{E0FFD699-E7B5-44D9-A97B-0F52B3321E1E}.Release|Any CPU.ActiveCfg = Release|Any CPU
		{E0FFD699-E7B5-44D9-A97B-0F52B3321E1E}.Release|Any CPU.Build.0 = Release|Any CPU
		{E0FFD699-E7B5-44D9-A97B-0F52B3321E1E}.Release|Mixed Platforms.ActiveCfg = Release|Any CPU
		{E0FFD699-E7B5-44D9-A97B-0F52B3321E1E}.Release|Mixed Platforms.Build.0 = Release|Any CPU
		{E0FFD699-E7B5-44D9-A97B-0F52B3321E1E}.Release|x86.ActiveCfg = Release|Any CPU
		{85FA03CC-D860-4E29-B35C-3A3D6E0C0E2E}.Debug|Any CPU.ActiveCfg = Debug|Any CPU
		{85FA03CC-D860-4E29-B35C-3A3D6E0C0E2E}.Debug|Any CPU.Build.0 = Debug|Any CPU
		{85FA03CC-D860-4E29-B35C-3A3D6E0C0E2E}.Debug|Mixed Platforms.ActiveCfg = Debug|Any CPU
		{85FA03CC-D860-4E29-B35C-3A3D6E0C0E2E}.Debug|Mixed Platforms.Build.0 = Debug|Any CPU
		{85FA03CC-D860-4E29-B35C-3A3D6E0C0E2E}.Debug|x86.ActiveCfg = Debug|Any CPU
		{85FA03CC-D860-4E29-B35C-3A3D6E0C0E2E}.Release|Any CPU.ActiveCfg = Release|Any CPU
		{85FA03CC-D860-4E29-B35C-3A3D6E0C0E2E}.Release|Any CPU.Build.0 = Release|Any CPU
		{85FA03CC-D860-4E29-B35C-3A3D6E0C0E2E}.Release|Mixed Platforms.ActiveCfg = Release|Any CPU
		{85FA03CC-D860-4E29-B35C-3A3D6E0C0E2E}.Release|Mixed Platforms.Build.0 = Release|Any CPU
		{85FA03CC-D860-4E29-B35C-3A3D6E0C0E2E}.Release|x86.ActiveCfg = Release|Any CPU
		{7048DE7C-8C2B-45FE-AE48-5D00374C0BA2}.Debug|Any CPU.ActiveCfg = Debug|Any CPU
		{7048DE7C-8C2B-45FE-AE48-5D00374C0BA2}.Debug|Any CPU.Build.0 = Debug|Any CPU
		{7048DE7C-8C2B-45FE-AE48-5D00374C0BA2}.Debug|Mixed Platforms.ActiveCfg = Debug|Any CPU
		{7048DE7C-8C2B-45FE-AE48-5D00374C0BA2}.Debug|Mixed Platforms.Build.0 = Debug|Any CPU
		{7048DE7C-8C2B-45FE-AE48-5D00374C0BA2}.Debug|x86.ActiveCfg = Debug|Any CPU
		{7048DE7C-8C2B-45FE-AE48-5D00374C0BA2}.Release|Any CPU.ActiveCfg = Release|Any CPU
		{7048DE7C-8C2B-45FE-AE48-5D00374C0BA2}.Release|Any CPU.Build.0 = Release|Any CPU
		{7048DE7C-8C2B-45FE-AE48-5D00374C0BA2}.Release|Mixed Platforms.ActiveCfg = Release|Any CPU
		{7048DE7C-8C2B-45FE-AE48-5D00374C0BA2}.Release|Mixed Platforms.Build.0 = Release|Any CPU
		{7048DE7C-8C2B-45FE-AE48-5D00374C0BA2}.Release|x86.ActiveCfg = Release|Any CPU
		{30F63611-7A90-442F-9CDE-F6A905496272}.Debug|Any CPU.ActiveCfg = Debug|Any CPU
		{30F63611-7A90-442F-9CDE-F6A905496272}.Debug|Any CPU.Build.0 = Debug|Any CPU
		{30F63611-7A90-442F-9CDE-F6A905496272}.Debug|Mixed Platforms.ActiveCfg = Debug|Any CPU
		{30F63611-7A90-442F-9CDE-F6A905496272}.Debug|Mixed Platforms.Build.0 = Debug|Any CPU
		{30F63611-7A90-442F-9CDE-F6A905496272}.Debug|x86.ActiveCfg = Debug|Any CPU
		{30F63611-7A90-442F-9CDE-F6A905496272}.Release|Any CPU.ActiveCfg = Release|Any CPU
		{30F63611-7A90-442F-9CDE-F6A905496272}.Release|Any CPU.Build.0 = Release|Any CPU
		{30F63611-7A90-442F-9CDE-F6A905496272}.Release|Mixed Platforms.ActiveCfg = Release|Any CPU
		{30F63611-7A90-442F-9CDE-F6A905496272}.Release|Mixed Platforms.Build.0 = Release|Any CPU
		{30F63611-7A90-442F-9CDE-F6A905496272}.Release|x86.ActiveCfg = Release|Any CPU
		{CD7347A5-80ED-4A45-BC86-9665CE3C6490}.Debug|Any CPU.ActiveCfg = Debug|Any CPU
		{CD7347A5-80ED-4A45-BC86-9665CE3C6490}.Debug|Any CPU.Build.0 = Debug|Any CPU
		{CD7347A5-80ED-4A45-BC86-9665CE3C6490}.Debug|Mixed Platforms.ActiveCfg = Debug|Any CPU
		{CD7347A5-80ED-4A45-BC86-9665CE3C6490}.Debug|Mixed Platforms.Build.0 = Debug|Any CPU
		{CD7347A5-80ED-4A45-BC86-9665CE3C6490}.Debug|x86.ActiveCfg = Debug|Any CPU
		{CD7347A5-80ED-4A45-BC86-9665CE3C6490}.Release|Any CPU.ActiveCfg = Release|Any CPU
		{CD7347A5-80ED-4A45-BC86-9665CE3C6490}.Release|Any CPU.Build.0 = Release|Any CPU
		{CD7347A5-80ED-4A45-BC86-9665CE3C6490}.Release|Mixed Platforms.ActiveCfg = Release|Any CPU
		{CD7347A5-80ED-4A45-BC86-9665CE3C6490}.Release|Mixed Platforms.Build.0 = Release|Any CPU
		{CD7347A5-80ED-4A45-BC86-9665CE3C6490}.Release|x86.ActiveCfg = Release|Any CPU
		{A7FA7937-993F-475C-9A1C-BCAB63A40157}.Debug|Any CPU.ActiveCfg = Debug|Any CPU
		{A7FA7937-993F-475C-9A1C-BCAB63A40157}.Debug|Any CPU.Build.0 = Debug|Any CPU
		{A7FA7937-993F-475C-9A1C-BCAB63A40157}.Debug|Mixed Platforms.ActiveCfg = Debug|Any CPU
		{A7FA7937-993F-475C-9A1C-BCAB63A40157}.Debug|Mixed Platforms.Build.0 = Debug|Any CPU
		{A7FA7937-993F-475C-9A1C-BCAB63A40157}.Debug|x86.ActiveCfg = Debug|Any CPU
		{A7FA7937-993F-475C-9A1C-BCAB63A40157}.Release|Any CPU.ActiveCfg = Release|Any CPU
		{A7FA7937-993F-475C-9A1C-BCAB63A40157}.Release|Any CPU.Build.0 = Release|Any CPU
		{A7FA7937-993F-475C-9A1C-BCAB63A40157}.Release|Mixed Platforms.ActiveCfg = Release|Any CPU
		{A7FA7937-993F-475C-9A1C-BCAB63A40157}.Release|Mixed Platforms.Build.0 = Release|Any CPU
		{A7FA7937-993F-475C-9A1C-BCAB63A40157}.Release|x86.ActiveCfg = Release|Any CPU
		{921A9FAA-1654-4A3A-9248-C4E07E9247A8}.Debug|Any CPU.ActiveCfg = Debug|Any CPU
		{921A9FAA-1654-4A3A-9248-C4E07E9247A8}.Debug|Any CPU.Build.0 = Debug|Any CPU
		{921A9FAA-1654-4A3A-9248-C4E07E9247A8}.Debug|Mixed Platforms.ActiveCfg = Debug|Any CPU
		{921A9FAA-1654-4A3A-9248-C4E07E9247A8}.Debug|Mixed Platforms.Build.0 = Debug|Any CPU
		{921A9FAA-1654-4A3A-9248-C4E07E9247A8}.Debug|x86.ActiveCfg = Debug|Any CPU
		{921A9FAA-1654-4A3A-9248-C4E07E9247A8}.Release|Any CPU.ActiveCfg = Release|Any CPU
		{921A9FAA-1654-4A3A-9248-C4E07E9247A8}.Release|Any CPU.Build.0 = Release|Any CPU
		{921A9FAA-1654-4A3A-9248-C4E07E9247A8}.Release|Mixed Platforms.ActiveCfg = Release|Any CPU
		{921A9FAA-1654-4A3A-9248-C4E07E9247A8}.Release|Mixed Platforms.Build.0 = Release|Any CPU
		{921A9FAA-1654-4A3A-9248-C4E07E9247A8}.Release|x86.ActiveCfg = Release|Any CPU
		{74E7B1BA-7D1A-4B33-B881-AC00370DE177}.Debug|Any CPU.ActiveCfg = Debug|Any CPU
		{74E7B1BA-7D1A-4B33-B881-AC00370DE177}.Debug|Any CPU.Build.0 = Debug|Any CPU
		{74E7B1BA-7D1A-4B33-B881-AC00370DE177}.Debug|Mixed Platforms.ActiveCfg = Debug|Any CPU
		{74E7B1BA-7D1A-4B33-B881-AC00370DE177}.Debug|Mixed Platforms.Build.0 = Debug|Any CPU
		{74E7B1BA-7D1A-4B33-B881-AC00370DE177}.Debug|x86.ActiveCfg = Debug|Any CPU
		{74E7B1BA-7D1A-4B33-B881-AC00370DE177}.Release|Any CPU.ActiveCfg = Release|Any CPU
		{74E7B1BA-7D1A-4B33-B881-AC00370DE177}.Release|Any CPU.Build.0 = Release|Any CPU
		{74E7B1BA-7D1A-4B33-B881-AC00370DE177}.Release|Mixed Platforms.ActiveCfg = Release|Any CPU
		{74E7B1BA-7D1A-4B33-B881-AC00370DE177}.Release|Mixed Platforms.Build.0 = Release|Any CPU
		{74E7B1BA-7D1A-4B33-B881-AC00370DE177}.Release|x86.ActiveCfg = Release|Any CPU
		{6B8076F6-38F4-4BB5-BDF4-63E0E31E49E7}.Debug|Any CPU.ActiveCfg = Debug|Any CPU
		{6B8076F6-38F4-4BB5-BDF4-63E0E31E49E7}.Debug|Any CPU.Build.0 = Debug|Any CPU
		{6B8076F6-38F4-4BB5-BDF4-63E0E31E49E7}.Debug|Mixed Platforms.ActiveCfg = Debug|Any CPU
		{6B8076F6-38F4-4BB5-BDF4-63E0E31E49E7}.Debug|Mixed Platforms.Build.0 = Debug|Any CPU
		{6B8076F6-38F4-4BB5-BDF4-63E0E31E49E7}.Debug|x86.ActiveCfg = Debug|Any CPU
		{6B8076F6-38F4-4BB5-BDF4-63E0E31E49E7}.Release|Any CPU.ActiveCfg = Release|Any CPU
		{6B8076F6-38F4-4BB5-BDF4-63E0E31E49E7}.Release|Any CPU.Build.0 = Release|Any CPU
		{6B8076F6-38F4-4BB5-BDF4-63E0E31E49E7}.Release|Mixed Platforms.ActiveCfg = Release|Any CPU
		{6B8076F6-38F4-4BB5-BDF4-63E0E31E49E7}.Release|Mixed Platforms.Build.0 = Release|Any CPU
		{6B8076F6-38F4-4BB5-BDF4-63E0E31E49E7}.Release|x86.ActiveCfg = Release|Any CPU
	EndGlobalSection
	GlobalSection(SolutionProperties) = preSolution
		HideSolutionNode = FALSE
	EndGlobalSection
EndGlobal
